
Microsoft Visual Studio Solution File, Format Version 12.00
# Visual Studio Version 16
VisualStudioVersion = 16.0.31729.503
MinimumVisualStudioVersion = 10.0.40219.1
Project("{FAE04EC0-301F-11D3-BF4B-00C04F79EFBC}") = "PerguntasERespostas", "PerguntasERespostas\PerguntasERespostas.csproj", "{B800C114-9EF4-4A0C-9A3F-E253FC1FE7B4}"
EndProject
Global
	GlobalSection(SolutionConfigurationPlatforms) = preSolution
		Debug|Any CPU = Debug|Any CPU
		Release|Any CPU = Release|Any CPU
	EndGlobalSection
	GlobalSection(ProjectConfigurationPlatforms) = postSolution
		{B800C114-9EF4-4A0C-9A3F-E253FC1FE7B4}.Debug|Any CPU.ActiveCfg = Debug|Any CPU
		{B800C114-9EF4-4A0C-9A3F-E253FC1FE7B4}.Debug|Any CPU.Build.0 = Debug|Any CPU
		{B800C114-9EF4-4A0C-9A3F-E253FC1FE7B4}.Release|Any CPU.ActiveCfg = Release|Any CPU
		{B800C114-9EF4-4A0C-9A3F-E253FC1FE7B4}.Release|Any CPU.Build.0 = Release|Any CPU
	EndGlobalSection
	GlobalSection(SolutionProperties) = preSolution
		HideSolutionNode = FALSE
	EndGlobalSection
	GlobalSection(ExtensibilityGlobals) = postSolution
		SolutionGuid = {EFDE9A32-7450-4C4A-9A1C-113A8F91221B}
	EndGlobalSection
EndGlobal
